// !$*UTF8*$!
{
	archiveVersion = 1;
	classes = {
	};
	objectVersion = 77;
	objects = {

/* Begin PBXContainerItemProxy section */
		ED8FC8CC2FDCBEFB001ADAD2 /* PBXContainerItemProxy */ = {
			isa = PBXContainerItemProxy;
			containerPortal = ED8FC8B62FDCBEF7001ADAD2 /* Project object */;
			proxyType = 1;
			remoteGlobalIDString = ED8FC8BD2FDCBEF7001ADAD2;
			remoteInfo = WhereTo;
		};
		ED8FC8D62FDCBEFB001ADAD2 /* PBXContainerItemProxy */ = {
			isa = PBXContainerItemProxy;
			containerPortal = ED8FC8B62FDCBEF7001ADAD2 /* Project object */;
			proxyType = 1;
			remoteGlobalIDString = ED8FC8BD2FDCBEF7001ADAD2;
			remoteInfo = WhereTo;
		};
/* End PBXContainerItemProxy section */

/* Begin PBXFileReference section */
		ED8FC8BE2FDCBEF7001ADAD2 /* WhereTo.app */ = {isa = PBXFileReference; explicitFileType = wrapper.application; includeInIndex = 0; path = WhereTo.app; sourceTree = BUILT_PRODUCTS_DIR; };
		ED8FC8CB2FDCBEFB001ADAD2 /* WhereToTests.xctest */ = {isa = PBXFileReference; explicitFileType = wrapper.cfbundle; includeInIndex = 0; path = WhereToTests.xctest; sourceTree = BUILT_PRODUCTS_DIR; };
		ED8FC8D52FDCBEFB001ADAD2 /* WhereToUITests.xctest */ = {isa = PBXFileReference; explicitFileType = wrapper.cfbundle; includeInIndex = 0; path = WhereToUITests.xctest; sourceTree = BUILT_PRODUCTS_DIR; };
/* End PBXFileReference section */

/* Begin PBXFileSystemSynchronizedRootGroup section */
		ED8FC8C02FDCBEF7001ADAD2 /* WhereTo */ = {
			isa = PBXFileSystemSynchronizedRootGroup;
			path = WhereTo;
			sourceTree = "<group>";
		};
		ED8FC8CE2FDCBEFB001ADAD2 /* WhereToTests */ = {
			isa = PBXFileSystemSynchronizedRootGroup;
			path = WhereToTests;
			sourceTree = "<group>";
		};
		ED8FC8D82FDCBEFB001ADAD2 /* WhereToUITests */ = {
			isa = PBXFileSystemSynchronizedRootGroup;
			path = WhereToUITests;
			sourceTree = "<group>";
		};
/* End PBXFileSystemSynchronizedRootGroup section */

/* Begin PBXFrameworksBuildPhase section */
		ED8FC8BB2FDCBEF7001ADAD2 /* Frameworks */ = {
			isa = PBXFrameworksBuildPhase;
			buildActionMask = 2147483647;
			files = (
			);
			runOnlyForDeploymentPostprocessing = 0;
		};
		ED8FC8C82FDCBEFB001ADAD2 /* Frameworks */ = {
			isa = PBXFrameworksBuildPhase;
			buildActionMask = 2147483647;
			files = (
			);
			runOnlyForDeploymentPostprocessing = 0;
		};
		ED8FC8D22FDCBEFB001ADAD2 /* Frameworks */ = {
			isa = PBXFrameworksBuildPhase;
			buildActionMask = 2147483647;
			files = (
			);
			runOnlyForDeploymentPostprocessing = 0;
		};
/* End PBXFrameworksBuildPhase section */

/* Begin PBXGroup section */
		ED8FC8B52FDCBEF7001ADAD2 = {
			isa = PBXGroup;
			children = (
				ED8FC8C02FDCBEF7001ADAD2 /* WhereTo */,
				ED8FC8CE2FDCBEFB001ADAD2 /* WhereToTests */,
				ED8FC8D82FDCBEFB001ADAD2 /* WhereToUITests */,
				ED8FC8BF2FDCBEF7001ADAD2 /* Products */,
			);
			sourceTree = "<group>";
		};
		ED8FC8BF2FDCBEF7001ADAD2 /* Products */ = {
			isa = PBXGroup;
			children = (
				ED8FC8BE2FDCBEF7001ADAD2 /* WhereTo.app */,
				ED8FC8CB2FDCBEFB001ADAD2 /* WhereToTests.xctest */,
				ED8FC8D52FDCBEFB001ADAD2 /* WhereToUITests.xctest */,
			);
			name = Products;
			sourceTree = "<group>";
		};
/* End PBXGroup section */

/* Begin PBXNativeTarget section */
		ED8FC8BD2FDCBEF7001ADAD2 /* WhereTo */ = {
			isa = PBXNativeTarget;
			buildConfigurationList = ED8FC8DF2FDCBEFB001ADAD2 /* Build configuration list for PBXNativeTarget "WhereTo" */;
			buildPhases = (
				ED8FC8BA2FDCBEF7001ADAD2 /* Sources */,
				ED8FC8BB2FDCBEF7001ADAD2 /* Frameworks */,
				ED8FC8BC2FDCBEF7001ADAD2 /* Resources */,
			);
			buildRules = (
			);
			dependencies = (
			);
			fileSystemSynchronizedGroups = (
				ED8FC8C02FDCBEF7001ADAD2 /* WhereTo */,
			);
			name = WhereTo;
			packageProductDependencies = (
			);
			productName = WhereTo;
			productReference = ED8FC8BE2FDCBEF7001ADAD2 /* WhereTo.app */;
			productType = "com.apple.product-type.application";
		};
		ED8FC8CA2FDCBEFB001ADAD2 /* WhereToTests */ = {
			isa = PBXNativeTarget;
			buildConfigurationList = ED8FC8E22FDCBEFB001ADAD2 /* Build configuration list for PBXNativeTarget "WhereToTests" */;
			buildPhases = (
				ED8FC8C72FDCBEFB001ADAD2 /* Sources */,
				ED8FC8C82FDCBEFB001ADAD2 /* Frameworks */,
				ED8FC8C92FDCBEFB001ADAD2 /* Resources */,
			);
			buildRules = (
			);
			dependencies = (
				ED8FC8CD2FDCBEFB001ADAD2 /* PBXTargetDependency */,
			);
			fileSystemSynchronizedGroups = (
				ED8FC8CE2FDCBEFB001ADAD2 /* WhereToTests */,
			);
			name = WhereToTests;
			packageProductDependencies = (
			);
			productName = WhereToTests;
			productReference = ED8FC8CB2FDCBEFB001ADAD2 /* WhereToTests.xctest */;
			productType = "com.apple.product-type.bundle.unit-test";
		};
		ED8FC8D42FDCBEFB001ADAD2 /* WhereToUITests */ = {
			isa = PBXNativeTarget;
			buildConfigurationList = ED8FC8E52FDCBEFB001ADAD2 /* Build configuration list for PBXNativeTarget "WhereToUITests" */;
			buildPhases = (
				ED8FC8D12FDCBEFB001ADAD2 /* Sources */,
				ED8FC8D22FDCBEFB001ADAD2 /* Frameworks */,
				ED8FC8D32FDCBEFB001ADAD2 /* Resources */,
			);
			buildRules = (
			);
			dependencies = (
				ED8FC8D72FDCBEFB001ADAD2 /* PBXTargetDependency */,
			);
			fileSystemSynchronizedGroups = (
				ED8FC8D82FDCBEFB001ADAD2 /* WhereToUITests */,
			);
			name = WhereToUITests;
			packageProductDependencies = (
			);
			productName = WhereToUITests;
			productReference = ED8FC8D52FDCBEFB001ADAD2 /* WhereToUITests.xctest */;
			productType = "com.apple.product-type.bundle.ui-testing";
		};
/* End PBXNativeTarget section */

/* Begin PBXProject section */
		ED8FC8B62FDCBEF7001ADAD2 /* Project object */ = {
			isa = PBXProject;
			attributes = {
				BuildIndependentTargetsInParallel = 1;
				LastSwiftUpdateCheck = 2650;
				LastUpgradeCheck = 2650;
				TargetAttributes = {
					ED8FC8BD2FDCBEF7001ADAD2 = {
						CreatedOnToolsVersion = 26.5;
					};
					ED8FC8CA2FDCBEFB001ADAD2 = {
						CreatedOnToolsVersion = 26.5;
						TestTargetID = ED8FC8BD2FDCBEF7001ADAD2;
					};
					ED8FC8D42FDCBEFB001ADAD2 = {
						CreatedOnToolsVersion = 26.5;
						TestTargetID = ED8FC8BD2FDCBEF7001ADAD2;
					};
				};
			};
			buildConfigurationList = ED8FC8B92FDCBEF7001ADAD2 /* Build configuration list for PBXProject "WhereTo" */;
			developmentRegion = en;
			hasScannedForEncodings = 0;
			knownRegions = (
				en,
				Base,
			);
			mainGroup = ED8FC8B52FDCBEF7001ADAD2;
			minimizedProjectReferenceProxies = 1;
			preferredProjectObjectVersion = 77;
			productRefGroup = ED8FC8BF2FDCBEF7001ADAD2 /* Products */;
			projectDirPath = "";
			projectRoot = "";
			targets = (
				ED8FC8BD2FDCBEF7001ADAD2 /* WhereTo */,
				ED8FC8CA2FDCBEFB001ADAD2 /* WhereToTests */,
				ED8FC8D42FDCBEFB001ADAD2 /* WhereToUITests */,
			);
		};
/* End PBXProject section */

/* Begin PBXResourcesBuildPhase section */
		ED8FC8BC2FDCBEF7001ADAD2 /* Resources */ = {
			isa = PBXResourcesBuildPhase;
			buildActionMask = 2147483647;
			files = (
			);
			runOnlyForDeploymentPostprocessing = 0;
		};
		ED8FC8C92FDCBEFB001ADAD2 /* Resources */ = {
			isa = PBXResourcesBuildPhase;
			buildActionMask = 2147483647;
			files = (
			);
			runOnlyForDeploymentPostprocessing = 0;
		};
		ED8FC8D32FDCBEFB001ADAD2 /* Resources */ = {
			isa = PBXResourcesBuildPhase;
			buildActionMask = 2147483647;
			files = (
			);
			runOnlyForDeploymentPostprocessing = 0;
		};
/* End PBXResourcesBuildPhase section */

/* Begin PBXSourcesBuildPhase section */
		ED8FC8BA2FDCBEF7001ADAD2 /* Sources */ = {
			isa = PBXSourcesBuildPhase;
			buildActionMask = 2147483647;
			files = (
			);
			runOnlyForDeploymentPostprocessing = 0;
		};
		ED8FC8C72FDCBEFB001ADAD2 /* Sources */ = {
			isa = PBXSourcesBuildPhase;
			buildActionMask = 2147483647;
			files = (
			);
			runOnlyForDeploymentPostprocessing = 0;
		};
		ED8FC8D12FDCBEFB001ADAD2 /* Sources */ = {
			isa = PBXSourcesBuildPhase;
			buildActionMask = 2147483647;
			files = (
			);
			runOnlyForDeploymentPostprocessing = 0;
		};
/* End PBXSourcesBuildPhase section */

/* Begin PBXTargetDependency section */
		ED8FC8CD2FDCBEFB001ADAD2 /* PBXTargetDependency */ = {
			isa = PBXTargetDependency;
			target = ED8FC8BD2FDCBEF7001ADAD2 /* WhereTo */;
			targetProxy = ED8FC8CC2FDCBEFB001ADAD2 /* PBXContainerItemProxy */;
		};
		ED8FC8D72FDCBEFB001ADAD2 /* PBXTargetDependency */ = {
			isa = PBXTargetDependency;
			target = ED8FC8BD2FDCBEF7001ADAD2 /* WhereTo */;
			targetProxy = ED8FC8D62FDCBEFB001ADAD2 /* PBXContainerItemProxy */;
		};
/* End PBXTargetDependency section */

/* Begin XCBuildConfiguration section */
		ED8FC8DD2FDCBEFB001ADAD2 /* Debug */ = {
			isa = XCBuildConfiguration;
			buildSettings = {
				ALWAYS_SEARCH_USER_PATHS = NO;
				ASSETCATALOG_COMPILER_GENERATE_SWIFT_ASSET_SYMBOL_EXTENSIONS = YES;
				CLANG_ANALYZER_NONNULL = YES;
				CLANG_ANALYZER_NUMBER_OBJECT_CONVERSION = YES_AGGRESSIVE;
				CLANG_CXX_LANGUAGE_STANDARD = "gnu++20";
				CLANG_ENABLE_MODULES = YES;
				CLANG_ENABLE_OBJC_ARC = YES;
				CLANG_ENABLE_OBJC_WEAK = YES;
				CLANG_WARN_BLOCK_CAPTURE_AUTORELEASING = YES;
				CLANG_WARN_BOOL_CONVERSION = YES;
				CLANG_WARN_COMMA = YES;
				CLANG_WARN_CONSTANT_CONVERSION = YES;
				CLANG_WARN_DEPRECATED_OBJC_IMPLEMENTATIONS = YES;
				CLANG_WARN_DIRECT_OBJC_ISA_USAGE = YES_ERROR;
				CLANG_WARN_DOCUMENTATION_COMMENTS = YES;
				CLANG_WARN_EMPTY_BODY = YES;
				CLANG_WARN_ENUM_CONVERSION = YES;
				CLANG_WARN_INFINITE_RECURSION = YES;
				CLANG_WARN_INT_CONVERSION = YES;
				CLANG_WARN_NON_LITERAL_NULL_CONVERSION = YES;
				CLANG_WARN_OBJC_IMPLICIT_RETAIN_SELF = YES;
				CLANG_WARN_OBJC_LITERAL_CONVERSION = YES;
				CLANG_WARN_OBJC_ROOT_CLASS = YES_ERROR;
				CLANG_WARN_QUOTED_INCLUDE_IN_FRAMEWORK_HEADER = YES;
				CLANG_WARN_RANGE_LOOP_ANALYSIS = YES;
				CLANG_WARN_STRICT_PROTOTYPES = YES;
				CLANG_WARN_SUSPICIOUS_MOVE = YES;
				CLANG_WARN_UNGUARDED_AVAILABILITY = YES_AGGRESSIVE;
				CLANG_WARN_UNREACHABLE_CODE = YES;
				CLANG_WARN__DUPLICATE_METHOD_MATCH = YES;
				COPY_PHASE_STRIP = NO;
				DEBUG_INFORMATION_FORMAT = dwarf;
				ENABLE_STRICT_OBJC_MSGSEND = YES;
				ENABLE_TESTABILITY = YES;
				ENABLE_USER_SCRIPT_SANDBOXING = YES;
				GCC_C_LANGUAGE_STANDARD = gnu17;
				GCC_DYNAMIC_NO_PIC = NO;
				GCC_NO_COMMON_BLOCKS = YES;
				GCC_OPTIMIZATION_LEVEL = 0;
				GCC_PREPROCESSOR_DEFINITIONS = (
					"DEBUG=1",
					"$(inherited)",
				);
				GCC_WARN_64_TO_32_BIT_CONVERSION = YES;
				GCC_WARN_ABOUT_RETURN_TYPE = YES_ERROR;
				GCC_WARN_UNDECLARED_SELECTOR = YES;
				GCC_WARN_UNINITIALIZED_AUTOS = YES_AGGRESSIVE;
				GCC_WARN_UNUSED_FUNCTION = YES;
				GCC_WARN_UNUSED_VARIABLE = YES;
				IPHONEOS_DEPLOYMENT_TARGET = 26.5;
				LOCALIZATION_PREFERS_STRING_CATALOGS = YES;
				MTL_ENABLE_DEBUG_INFO = INCLUDE_SOURCE;
				MTL_FAST_MATH = YES;
				ONLY_ACTIVE_ARCH = YES;
				SDKROOT = iphoneos;
				SWIFT_ACTIVE_COMPILATION_CONDITIONS = "DEBUG $(inherited)";
				SWIFT_OPTIMIZATION_LEVEL = "-Onone";
			};
			name = Debug;
		};
		ED8FC8DE2FDCBEFB001ADAD2 /* Release */ = {
			isa = XCBuildConfiguration;
			buildSettings = {
				ALWAYS_SEARCH_USER_PATHS = NO;
				ASSETCATALOG_COMPILER_GENERATE_SWIFT_ASSET_SYMBOL_EXTENSIONS = YES;
				CLANG_ANALYZER_NONNULL = YES;
				CLANG_ANALYZER_NUMBER_OBJECT_CONVERSION = YES_AGGRESSIVE;
				CLANG_CXX_LANGUAGE_STANDARD = "gnu++20";
				CLANG_ENABLE_MODULES = YES;
				CLANG_ENABLE_OBJC_ARC = YES;
				CLANG_ENABLE_OBJC_WEAK = YES;
				CLANG_WARN_BLOCK_CAPTURE_AUTORELEASING = YES;
				CLANG_WARN_BOOL_CONVERSION = YES;
				CLANG_WARN_COMMA = YES;
				CLANG_WARN_CONSTANT_CONVERSION = YES;
				CLANG_WARN_DEPRECATED_OBJC_IMPLEMENTATIONS = YES;
				CLANG_WARN_DIRECT_OBJC_ISA_USAGE = YES_ERROR;
				CLANG_WARN_DOCUMENTATION_COMMENTS = YES;
				CLANG_WARN_EMPTY_BODY = YES;
				CLANG_WARN_ENUM_CONVERSION = YES;
				CLANG_WARN_INFINITE_RECURSION = YES;
				CLANG_WARN_INT_CONVERSION = YES;
				CLANG_WARN_NON_LITERAL_NULL_CONVERSION = YES;
				CLANG_WARN_OBJC_IMPLICIT_RETAIN_SELF = YES;
				CLANG_WARN_OBJC_LITERAL_CONVERSION = YES;
				CLANG_WARN_OBJC_ROOT_CLASS = YES_ERROR;
				CLANG_WARN_QUOTED_INCLUDE_IN_FRAMEWORK_HEADER = YES;
				CLANG_WARN_RANGE_LOOP_ANALYSIS = YES;
				CLANG_WARN_STRICT_PROTOTYPES = YES;
				CLANG_WARN_SUSPICIOUS_MOVE = YES;
				CLANG_WARN_UNGUARDED_AVAILABILITY = YES_AGGRESSIVE;
				CLANG_WARN_UNREACHABLE_CODE = YES;
				CLANG_WARN__DUPLICATE_METHOD_MATCH = YES;
				COPY_PHASE_STRIP = NO;
				DEBUG_INFORMATION_FORMAT = "dwarf-with-dsym";
				ENABLE_NS_ASSERTIONS = NO;
				ENABLE_STRICT_OBJC_MSGSEND = YES;
				ENABLE_USER_SCRIPT_SANDBOXING = YES;
				GCC_C_LANGUAGE_STANDARD = gnu17;
				GCC_NO_COMMON_BLOCKS = YES;
				GCC_WARN_64_TO_32_BIT_CONVERSION = YES;
				GCC_WARN_ABOUT_RETURN_TYPE = YES_ERROR;
				GCC_WARN_UNDECLARED_SELECTOR = YES;
				GCC_WARN_UNINITIALIZED_AUTOS = YES_AGGRESSIVE;
				GCC_WARN_UNUSED_FUNCTION = YES;
				GCC_WARN_UNUSED_VARIABLE = YES;
				IPHONEOS_DEPLOYMENT_TARGET = 26.5;
				LOCALIZATION_PREFERS_STRING_CATALOGS = YES;
				MTL_ENABLE_DEBUG_INFO = NO;
				MTL_FAST_MATH = YES;
				SDKROOT = iphoneos;
				SWIFT_COMPILATION_MODE = wholemodule;
				VALIDATE_PRODUCT = YES;
			};
			name = Release;
		};
		ED8FC8E02FDCBEFB001ADAD2 /* Debug */ = {
			isa = XCBuildConfiguration;
			buildSettings = {
				ASSETCATALOG_COMPILER_APPICON_NAME = AppIcon;
				ASSETCATALOG_COMPILER_GLOBAL_ACCENT_COLOR_NAME = AccentColor;
				CODE_SIGN_STYLE = Automatic;
				CURRENT_PROJECT_VERSION = 1;
				ENABLE_PREVIEWS = YES;
				GENERATE_INFOPLIST_FILE = YES;
				INFOPLIST_KEY_UIApplicationSceneManifest_Generation = YES;
				INFOPLIST_KEY_UIApplicationSupportsIndirectInputEvents = YES;
				INFOPLIST_KEY_UILaunchScreen_Generation = YES;
				INFOPLIST_KEY_UISupportedInterfaceOrientations_iPad = "UIInterfaceOrientationPortrait UIInterfaceOrientationPortraitUpsideDown UIInterfaceOrientationLandscapeLeft UIInterfaceOrientationLandscapeRight";
				INFOPLIST_KEY_UISupportedInterfaceOrientations_iPhone = "UIInterfaceOrientationPortrait UIInterfaceOrientationLandscapeLeft UIInterfaceOrientationLandscapeRight";
				LD_RUNPATH_SEARCH_PATHS = (
					"$(inherited)",
					"@executable_path/Frameworks",
				);
				MARKETING_VERSION = 1.0;
				PRODUCT_BUNDLE_IDENTIFIER = edu.csudh.WhereTo;
				PRODUCT_NAME = "$(TARGET_NAME)";
				STRING_CATALOG_GENERATE_SYMBOLS = YES;
				SWIFT_APPROACHABLE_CONCURRENCY = YES;
				SWIFT_DEFAULT_ACTOR_ISOLATION = MainActor;
				SWIFT_EMIT_LOC_STRINGS = YES;
				SWIFT_UPCOMING_FEATURE_MEMBER_IMPORT_VISIBILITY = YES;
				SWIFT_VERSION = 5.0;
				TARGETED_DEVICE_FAMILY = "1,2";
			};
			name = Debug;
		};
		ED8FC8E12FDCBEFB001ADAD2 /* Release */ = {
			isa = XCBuildConfiguration;
			buildSettings = {
				ASSETCATALOG_COMPILER_APPICON_NAME = AppIcon;
				ASSETCATALOG_COMPILER_GLOBAL_ACCENT_COLOR_NAME = AccentColor;
				CODE_SIGN_STYLE = Automatic;
				CURRENT_PROJECT_VERSION = 1;
				ENABLE_PREVIEWS = YES;
				GENERATE_INFOPLIST_FILE = YES;
				INFOPLIST_KEY_UIApplicationSceneManifest_Generation = YES;
				INFOPLIST_KEY_UIApplicationSupportsIndirectInputEvents = YES;
				INFOPLIST_KEY_UILaunchScreen_Generation = YES;
				INFOPLIST_KEY_UISupportedInterfaceOrientations_iPad = "UIInterfaceOrientationPortrait UIInterfaceOrientationPortraitUpsideDown UIInterfaceOrientationLandscapeLeft UIInterfaceOrientationLandscapeRight";
				INFOPLIST_KEY_UISupportedInterfaceOrientations_iPhone = "UIInterfaceOrientationPortrait UIInterfaceOrientationLandscapeLeft UIInterfaceOrientationLandscapeRight";
				LD_RUNPATH_SEARCH_PATHS = (
					"$(inherited)",
					"@executable_path/Frameworks",
				);
				MARKETING_VERSION = 1.0;
				PRODUCT_BUNDLE_IDENTIFIER = edu.csudh.WhereTo;
				PRODUCT_NAME = "$(TARGET_NAME)";
				STRING_CATALOG_GENERATE_SYMBOLS = YES;
				SWIFT_APPROACHABLE_CONCURRENCY = YES;
				SWIFT_DEFAULT_ACTOR_ISOLATION = MainActor;
				SWIFT_EMIT_LOC_STRINGS = YES;
				SWIFT_UPCOMING_FEATURE_MEMBER_IMPORT_VISIBILITY = YES;
				SWIFT_VERSION = 5.0;
				TARGETED_DEVICE_FAMILY = "1,2";
			};
			name = Release;
		};
		ED8FC8E32FDCBEFB001ADAD2 /* Debug */ = {
			isa = XCBuildConfiguration;
			buildSettings = {
				BUNDLE_LOADER = "$(TEST_HOST)";
				CODE_SIGN_STYLE = Automatic;
				CURRENT_PROJECT_VERSION = 1;
				GENERATE_INFOPLIST_FILE = YES;
				IPHONEOS_DEPLOYMENT_TARGET = 26.5;
				MARKETING_VERSION = 1.0;
				PRODUCT_BUNDLE_IDENTIFIER = edu.csudh.WhereToTests;
				PRODUCT_NAME = "$(TARGET_NAME)";
				STRING_CATALOG_GENERATE_SYMBOLS = NO;
				SWIFT_APPROACHABLE_CONCURRENCY = YES;
				SWIFT_EMIT_LOC_STRINGS = NO;
				SWIFT_UPCOMING_FEATURE_MEMBER_IMPORT_VISIBILITY = YES;
				SWIFT_VERSION = 5.0;
				TARGETED_DEVICE_FAMILY = "1,2";
				TEST_HOST = "$(BUILT_PRODUCTS_DIR)/WhereTo.app/$(BUNDLE_EXECUTABLE_FOLDER_PATH)/WhereTo";
			};
			name = Debug;
		};
		ED8FC8E42FDCBEFB001ADAD2 /* Release */ = {
			isa = XCBuildConfiguration;
			buildSettings = {
				BUNDLE_LOADER = "$(TEST_HOST)";
				CODE_SIGN_STYLE = Automatic;
				CURRENT_PROJECT_VERSION = 1;
				GENERATE_INFOPLIST_FILE = YES;
				IPHONEOS_DEPLOYMENT_TARGET = 26.5;
				MARKETING_VERSION = 1.0;
				PRODUCT_BUNDLE_IDENTIFIER = edu.csudh.WhereToTests;
				PRODUCT_NAME = "$(TARGET_NAME)";
				STRING_CATALOG_GENERATE_SYMBOLS = NO;
				SWIFT_APPROACHABLE_CONCURRENCY = YES;
				SWIFT_EMIT_LOC_STRINGS = NO;
				SWIFT_UPCOMING_FEATURE_MEMBER_IMPORT_VISIBILITY = YES;
				SWIFT_VERSION = 5.0;
				TARGETED_DEVICE_FAMILY = "1,2";
				TEST_HOST = "$(BUILT_PRODUCTS_DIR)/WhereTo.app/$(BUNDLE_EXECUTABLE_FOLDER_PATH)/WhereTo";
			};
			name = Release;
		};
		ED8FC8E62FDCBEFB001ADAD2 /* Debug */ = {
			isa = XCBuildConfiguration;
			buildSettings = {
				CODE_SIGN_STYLE = Automatic;
				CURRENT_PROJECT_VERSION = 1;
				GENERATE_INFOPLIST_FILE = YES;
				MARKETING_VERSION = 1.0;
				PRODUCT_BUNDLE_IDENTIFIER = edu.csudh.WhereToUITests;
				PRODUCT_NAME = "$(TARGET_NAME)";
				STRING_CATALOG_GENERATE_SYMBOLS = NO;
				SWIFT_APPROACHABLE_CONCURRENCY = YES;
				SWIFT_EMIT_LOC_STRINGS = NO;
				SWIFT_UPCOMING_FEATURE_MEMBER_IMPORT_VISIBILITY = YES;
				SWIFT_VERSION = 5.0;
				TARGETED_DEVICE_FAMILY = "1,2";
				TEST_TARGET_NAME = WhereTo;
			};
			name = Debug;
		};
		ED8FC8E72FDCBEFB001ADAD2 /* Release */ = {
			isa = XCBuildConfiguration;
			buildSettings = {
				CODE_SIGN_STYLE = Automatic;
				CURRENT_PROJECT_VERSION = 1;
				GENERATE_INFOPLIST_FILE = YES;
				MARKETING_VERSION = 1.0;
				PRODUCT_BUNDLE_IDENTIFIER = edu.csudh.WhereToUITests;
				PRODUCT_NAME = "$(TARGET_NAME)";
				STRING_CATALOG_GENERATE_SYMBOLS = NO;
				SWIFT_APPROACHABLE_CONCURRENCY = YES;
				SWIFT_EMIT_LOC_STRINGS = NO;
				SWIFT_UPCOMING_FEATURE_MEMBER_IMPORT_VISIBILITY = YES;
				SWIFT_VERSION = 5.0;
				TARGETED_DEVICE_FAMILY = "1,2";
				TEST_TARGET_NAME = WhereTo;
			};
			name = Release;
		};
/* End XCBuildConfiguration section */

/* Begin XCConfigurationList section */
		ED8FC8B92FDCBEF7001ADAD2 /* Build configuration list for PBXProject "WhereTo" */ = {
			isa = XCConfigurationList;
			buildConfigurations = (
				ED8FC8DD2FDCBEFB001ADAD2 /* Debug */,
				ED8FC8DE2FDCBEFB001ADAD2 /* Release */,
			);
			defaultConfigurationIsVisible = 0;
			defaultConfigurationName = Release;
		};
		ED8FC8DF2FDCBEFB001ADAD2 /* Build configuration list for PBXNativeTarget "WhereTo" */ = {
			isa = XCConfigurationList;
			buildConfigurations = (
				ED8FC8E02FDCBEFB001ADAD2 /* Debug */,
				ED8FC8E12FDCBEFB001ADAD2 /* Release */,
			);
			defaultConfigurationIsVisible = 0;
			defaultConfigurationName = Release;
		};
		ED8FC8E22FDCBEFB001ADAD2 /* Build configuration list for PBXNativeTarget "WhereToTests" */ = {
			isa = XCConfigurationList;
			buildConfigurations = (
				ED8FC8E32FDCBEFB001ADAD2 /* Debug */,
				ED8FC8E42FDCBEFB001ADAD2 /* Release */,
			);
			defaultConfigurationIsVisible = 0;
			defaultConfigurationName = Release;
		};
		ED8FC8E52FDCBEFB001ADAD2 /* Build configuration list for PBXNativeTarget "WhereToUITests" */ = {
			isa = XCConfigurationList;
			buildConfigurations = (
				ED8FC8E62FDCBEFB001ADAD2 /* Debug */,
				ED8FC8E72FDCBEFB001ADAD2 /* Release */,
			);
			defaultConfigurationIsVisible = 0;
			defaultConfigurationName = Release;
		};
/* End XCConfigurationList section */
	};
	rootObject = ED8FC8B62FDCBEF7001ADAD2 /* Project object */;
}
